
Microsoft Visual Studio Solution File, Format Version 12.00
# Visual Studio 15
VisualStudioVersion = 15.0.26228.12
MinimumVisualStudioVersion = 10.0.40219.1
Project("{FAE04EC0-301F-11D3-BF4B-00C04F79EFBC}") = "MyCountry.App", "MyCountryApplication\MyCountry.App.csproj", "{5E1095D4-0601-4F12-8743-95F4256448F2}"
EndProject
Project("{FAE04EC0-301F-11D3-BF4B-00C04F79EFBC}") = "MyCountry.DataAccess", "MyCountry.DataAccess\MyCountry.DataAccess.csproj", "{84B82963-E3A6-4454-A244-FE6887A5E365}"
EndProject
Global
	GlobalSection(SolutionConfigurationPlatforms) = preSolution
		Debug|Any CPU = Debug|Any CPU
		Release|Any CPU = Release|Any CPU
	EndGlobalSection
	GlobalSection(ProjectConfigurationPlatforms) = postSolution
		{5E1095D4-0601-4F12-8743-95F4256448F2}.Debug|Any CPU.ActiveCfg = Debug|Any CPU
		{5E1095D4-0601-4F12-8743-95F4256448F2}.Debug|Any CPU.Build.0 = Debug|Any CPU
		{5E1095D4-0601-4F12-8743-95F4256448F2}.Release|Any CPU.ActiveCfg = Release|Any CPU
		{5E1095D4-0601-4F12-8743-95F4256448F2}.Release|Any CPU.Build.0 = Release|Any CPU
		{84B82963-E3A6-4454-A244-FE6887A5E365}.Debug|Any CPU.ActiveCfg = Debug|Any CPU
		{84B82963-E3A6-4454-A244-FE6887A5E365}.Debug|Any CPU.Build.0 = Debug|Any CPU
		{84B82963-E3A6-4454-A244-FE6887A5E365}.Release|Any CPU.ActiveCfg = Release|Any CPU
		{84B82963-E3A6-4454-A244-FE6887A5E365}.Release|Any CPU.Build.0 = Release|Any CPU
	EndGlobalSection
	GlobalSection(SolutionProperties) = preSolution
		HideSolutionNode = FALSE
	EndGlobalSection
EndGlobal
