
Microsoft Visual Studio Solution File, Format Version 12.00
# Visual Studio 15
VisualStudioVersion = 15.0.26730.8
MinimumVisualStudioVersion = 10.0.40219.1
Project("{2150E333-8FDC-42A3-9474-1A3956D46DE8}") = "SolutionItems", "SolutionItems", "{BFFF951A-F652-4CB0-8FD3-E926033863EB}"
	ProjectSection(SolutionItems) = preProject
		..\docs\.Net Dev.mmap = ..\docs\.Net Dev.mmap
		..\docs\Note.txt = ..\docs\Note.txt
	EndProjectSection
EndProject
Project("{2150E333-8FDC-42A3-9474-1A3956D46DE8}") = "Exercises", "Exercises", "{B8D46539-00C3-4754-979C-4CB2DC2DD39B}"
	ProjectSection(SolutionItems) = preProject
		Employee.txt = Employee.txt
		Lession0.txt = Lession0.txt
		Lesson1.txt = Lesson1.txt
		Lesson6.txt = Lesson6.txt
		Lesson7-Homework.txt = Lesson7-Homework.txt
		Lesson7.txt = Lesson7.txt
		Lesson8.txt = Lesson8.txt
	EndProjectSection
EndProject
Project("{2150E333-8FDC-42A3-9474-1A3956D46DE8}") = "Homework", "Homework", "{75EE06E1-5C04-4D12-B926-125767FFB202}"
EndProject
Project("{FAE04EC0-301F-11D3-BF4B-00C04F79EFBC}") = "Practice.Problems", "Practice\Practice.Problems.csproj", "{D885010E-B5F8-4FB8-8DC0-070E7BAC5193}"
EndProject
Project("{FAE04EC0-301F-11D3-BF4B-00C04F79EFBC}") = "Practice.App", "Practice.App\Practice.App.csproj", "{29E7B616-20FC-4E68-B64F-CAF0C527BE20}"
EndProject
Project("{FAE04EC0-301F-11D3-BF4B-00C04F79EFBC}") = "Practice.Tests", "Practice.Tests\Practice.Tests.csproj", "{092D0B86-365C-4C9E-B9C6-B3D628EAFB97}"
EndProject
Project("{2150E333-8FDC-42A3-9474-1A3956D46DE8}") = "Lessons", "Lessons", "{3F77A513-246E-4F4E-8D70-EF89801794D8}"
EndProject
Project("{FAE04EC0-301F-11D3-BF4B-00C04F79EFBC}") = "Practice.WinFroms.fromTxt", "Practice.WinFroms.fromTxt\Practice.WinFroms.fromTxt.csproj", "{70B6EED1-427D-4FBB-BAF2-AC1E89A28447}"
EndProject
Project("{FAE04EC0-301F-11D3-BF4B-00C04F79EFBC}") = "CustomerManagement.Before", "CustomerManagementBefore\CustomerManagement.Before.csproj", "{4CD18684-56A7-4B65-BB4B-C526F6B866BA}"
EndProject
Project("{FAE04EC0-301F-11D3-BF4B-00C04F79EFBC}") = "Practice.WinFroms.fromDBI", "Practice.WinFroms.fromDBI\Practice.WinFroms.fromDBI.csproj", "{C285E53F-6040-478C-AA29-83EB1B3B9A07}"
EndProject
Project("{2150E333-8FDC-42A3-9474-1A3956D46DE8}") = "Db scripts", "Db scripts", "{CAF5BA3A-6EF4-40AE-AE29-50A961281D10}"
	ProjectSection(SolutionItems) = preProject
		C:\Users\van.pham\Documents\Northwind.sql = C:\Users\van.pham\Documents\Northwind.sql
	EndProjectSection
EndProject
Project("{FAE04EC0-301F-11D3-BF4B-00C04F79EFBC}") = "Example", "Example\Example.csproj", "{EEE96A90-7055-42D1-82A3-E68FEE4C0056}"
EndProject
Project("{FAE04EC0-301F-11D3-BF4B-00C04F79EFBC}") = "BookStoreApp", "BookStoreApp\BookStoreApp.csproj", "{4E59A46B-8BB8-4A8D-8760-5E0F8FAD4C4B}"
EndProject
Global
	GlobalSection(SolutionConfigurationPlatforms) = preSolution
		Debug|Any CPU = Debug|Any CPU
		Release|Any CPU = Release|Any CPU
	EndGlobalSection
	GlobalSection(ProjectConfigurationPlatforms) = postSolution
		{D885010E-B5F8-4FB8-8DC0-070E7BAC5193}.Debug|Any CPU.ActiveCfg = Debug|Any CPU
		{D885010E-B5F8-4FB8-8DC0-070E7BAC5193}.Debug|Any CPU.Build.0 = Debug|Any CPU
		{D885010E-B5F8-4FB8-8DC0-070E7BAC5193}.Release|Any CPU.ActiveCfg = Release|Any CPU
		{D885010E-B5F8-4FB8-8DC0-070E7BAC5193}.Release|Any CPU.Build.0 = Release|Any CPU
		{29E7B616-20FC-4E68-B64F-CAF0C527BE20}.Debug|Any CPU.ActiveCfg = Debug|Any CPU
		{29E7B616-20FC-4E68-B64F-CAF0C527BE20}.Debug|Any CPU.Build.0 = Debug|Any CPU
		{29E7B616-20FC-4E68-B64F-CAF0C527BE20}.Release|Any CPU.ActiveCfg = Release|Any CPU
		{29E7B616-20FC-4E68-B64F-CAF0C527BE20}.Release|Any CPU.Build.0 = Release|Any CPU
		{092D0B86-365C-4C9E-B9C6-B3D628EAFB97}.Debug|Any CPU.ActiveCfg = Debug|Any CPU
		{092D0B86-365C-4C9E-B9C6-B3D628EAFB97}.Debug|Any CPU.Build.0 = Debug|Any CPU
		{092D0B86-365C-4C9E-B9C6-B3D628EAFB97}.Release|Any CPU.ActiveCfg = Release|Any CPU
		{092D0B86-365C-4C9E-B9C6-B3D628EAFB97}.Release|Any CPU.Build.0 = Release|Any CPU
		{70B6EED1-427D-4FBB-BAF2-AC1E89A28447}.Debug|Any CPU.ActiveCfg = Debug|Any CPU
		{70B6EED1-427D-4FBB-BAF2-AC1E89A28447}.Debug|Any CPU.Build.0 = Debug|Any CPU
		{70B6EED1-427D-4FBB-BAF2-AC1E89A28447}.Release|Any CPU.ActiveCfg = Release|Any CPU
		{70B6EED1-427D-4FBB-BAF2-AC1E89A28447}.Release|Any CPU.Build.0 = Release|Any CPU
		{4CD18684-56A7-4B65-BB4B-C526F6B866BA}.Debug|Any CPU.ActiveCfg = Debug|Any CPU
		{4CD18684-56A7-4B65-BB4B-C526F6B866BA}.Debug|Any CPU.Build.0 = Debug|Any CPU
		{4CD18684-56A7-4B65-BB4B-C526F6B866BA}.Release|Any CPU.ActiveCfg = Release|Any CPU
		{4CD18684-56A7-4B65-BB4B-C526F6B866BA}.Release|Any CPU.Build.0 = Release|Any CPU
		{C285E53F-6040-478C-AA29-83EB1B3B9A07}.Debug|Any CPU.ActiveCfg = Debug|Any CPU
		{C285E53F-6040-478C-AA29-83EB1B3B9A07}.Debug|Any CPU.Build.0 = Debug|Any CPU
		{C285E53F-6040-478C-AA29-83EB1B3B9A07}.Release|Any CPU.ActiveCfg = Release|Any CPU
		{C285E53F-6040-478C-AA29-83EB1B3B9A07}.Release|Any CPU.Build.0 = Release|Any CPU
		{EEE96A90-7055-42D1-82A3-E68FEE4C0056}.Debug|Any CPU.ActiveCfg = Debug|Any CPU
		{EEE96A90-7055-42D1-82A3-E68FEE4C0056}.Debug|Any CPU.Build.0 = Debug|Any CPU
		{EEE96A90-7055-42D1-82A3-E68FEE4C0056}.Release|Any CPU.ActiveCfg = Release|Any CPU
		{EEE96A90-7055-42D1-82A3-E68FEE4C0056}.Release|Any CPU.Build.0 = Release|Any CPU
		{4E59A46B-8BB8-4A8D-8760-5E0F8FAD4C4B}.Debug|Any CPU.ActiveCfg = Debug|Any CPU
		{4E59A46B-8BB8-4A8D-8760-5E0F8FAD4C4B}.Debug|Any CPU.Build.0 = Debug|Any CPU
		{4E59A46B-8BB8-4A8D-8760-5E0F8FAD4C4B}.Release|Any CPU.ActiveCfg = Release|Any CPU
		{4E59A46B-8BB8-4A8D-8760-5E0F8FAD4C4B}.Release|Any CPU.Build.0 = Release|Any CPU
	EndGlobalSection
	GlobalSection(SolutionProperties) = preSolution
		HideSolutionNode = FALSE
	EndGlobalSection
	GlobalSection(NestedProjects) = preSolution
		{B8D46539-00C3-4754-979C-4CB2DC2DD39B} = {BFFF951A-F652-4CB0-8FD3-E926033863EB}
		{D885010E-B5F8-4FB8-8DC0-070E7BAC5193} = {75EE06E1-5C04-4D12-B926-125767FFB202}
		{29E7B616-20FC-4E68-B64F-CAF0C527BE20} = {75EE06E1-5C04-4D12-B926-125767FFB202}
		{092D0B86-365C-4C9E-B9C6-B3D628EAFB97} = {75EE06E1-5C04-4D12-B926-125767FFB202}
		{70B6EED1-427D-4FBB-BAF2-AC1E89A28447} = {75EE06E1-5C04-4D12-B926-125767FFB202}
		{4CD18684-56A7-4B65-BB4B-C526F6B866BA} = {3F77A513-246E-4F4E-8D70-EF89801794D8}
		{C285E53F-6040-478C-AA29-83EB1B3B9A07} = {75EE06E1-5C04-4D12-B926-125767FFB202}
		{EEE96A90-7055-42D1-82A3-E68FEE4C0056} = {3F77A513-246E-4F4E-8D70-EF89801794D8}
		{4E59A46B-8BB8-4A8D-8760-5E0F8FAD4C4B} = {3F77A513-246E-4F4E-8D70-EF89801794D8}
	EndGlobalSection
	GlobalSection(ExtensibilityGlobals) = postSolution
		SolutionGuid = {B61887F5-9907-4971-8707-F8EF18E9D19F}
	EndGlobalSection
EndGlobal
