
Microsoft Visual Studio Solution File, Format Version 12.00
# Visual Studio 15
VisualStudioVersion = 15.0.26430.16
MinimumVisualStudioVersion = 10.0.40219.1
Project("{2150E333-8FDC-42A3-9474-1A3956D46DE8}") = "SolutionItems", "SolutionItems", "{BFFF951A-F652-4CB0-8FD3-E926033863EB}"
	ProjectSection(SolutionItems) = preProject
		..\docs\.Net Dev.mmap = ..\docs\.Net Dev.mmap
		..\docs\Note.txt = ..\docs\Note.txt
	EndProjectSection
EndProject
Project("{2150E333-8FDC-42A3-9474-1A3956D46DE8}") = "Exercises", "Exercises", "{B8D46539-00C3-4754-979C-4CB2DC2DD39B}"
	ProjectSection(SolutionItems) = preProject
		Lession0.txt = Lession0.txt
		Lesson1.txt = Lesson1.txt
	EndProjectSection
EndProject
Project("{FAE04EC0-301F-11D3-BF4B-00C04F79EFBC}") = "Multiples", "ConsoleApp1\Multiples.csproj", "{F844B4AC-19AE-449D-B2CB-473DF685E78B}"
EndProject
Project("{FAE04EC0-301F-11D3-BF4B-00C04F79EFBC}") = "Employee", "Employee\Employee.csproj", "{690C2F16-E751-4B23-8D01-40900FB70352}"
EndProject
Global
	GlobalSection(SolutionConfigurationPlatforms) = preSolution
		Debug|Any CPU = Debug|Any CPU
		Release|Any CPU = Release|Any CPU
	EndGlobalSection
	GlobalSection(ProjectConfigurationPlatforms) = postSolution
		{F844B4AC-19AE-449D-B2CB-473DF685E78B}.Debug|Any CPU.ActiveCfg = Debug|Any CPU
		{F844B4AC-19AE-449D-B2CB-473DF685E78B}.Debug|Any CPU.Build.0 = Debug|Any CPU
		{F844B4AC-19AE-449D-B2CB-473DF685E78B}.Release|Any CPU.ActiveCfg = Release|Any CPU
		{F844B4AC-19AE-449D-B2CB-473DF685E78B}.Release|Any CPU.Build.0 = Release|Any CPU
		{690C2F16-E751-4B23-8D01-40900FB70352}.Debug|Any CPU.ActiveCfg = Debug|Any CPU
		{690C2F16-E751-4B23-8D01-40900FB70352}.Debug|Any CPU.Build.0 = Debug|Any CPU
		{690C2F16-E751-4B23-8D01-40900FB70352}.Release|Any CPU.ActiveCfg = Release|Any CPU
		{690C2F16-E751-4B23-8D01-40900FB70352}.Release|Any CPU.Build.0 = Release|Any CPU
	EndGlobalSection
	GlobalSection(SolutionProperties) = preSolution
		HideSolutionNode = FALSE
	EndGlobalSection
	GlobalSection(NestedProjects) = preSolution
		{B8D46539-00C3-4754-979C-4CB2DC2DD39B} = {BFFF951A-F652-4CB0-8FD3-E926033863EB}
		{F844B4AC-19AE-449D-B2CB-473DF685E78B} = {B8D46539-00C3-4754-979C-4CB2DC2DD39B}
		{690C2F16-E751-4B23-8D01-40900FB70352} = {B8D46539-00C3-4754-979C-4CB2DC2DD39B}
	EndGlobalSection
EndGlobal
