
Microsoft Visual Studio Solution File, Format Version 12.00
# Visual Studio 14
VisualStudioVersion = 14.0.25420.1
MinimumVisualStudioVersion = 10.0.40219.1
Project("{FAE04EC0-301F-11D3-BF4B-00C04F79EFBC}") = "Lesson0.HelloWorld", "Lession0\Lesson0.HelloWorld.csproj", "{2CCB3477-199C-4D94-A469-1A845F364E8B}"
EndProject
Project("{2150E333-8FDC-42A3-9474-1A3956D46DE8}") = "SolutionItems", "SolutionItems", "{BFFF951A-F652-4CB0-8FD3-E926033863EB}"
	ProjectSection(SolutionItems) = preProject
		..\docs\.Net Dev.mmap = ..\docs\.Net Dev.mmap
		..\docs\Note.txt = ..\docs\Note.txt
	EndProjectSection
EndProject
Project("{2150E333-8FDC-42A3-9474-1A3956D46DE8}") = "Exercises", "Exercises", "{B8D46539-00C3-4754-979C-4CB2DC2DD39B}"
	ProjectSection(SolutionItems) = preProject
		Employee.txt = Employee.txt
		Lession0.txt = Lession0.txt
		Lesson1.txt = Lesson1.txt
	EndProjectSection
EndProject
Project("{2150E333-8FDC-42A3-9474-1A3956D46DE8}") = "Lessions", "Lessions", "{F1A1A508-586B-4D85-9142-68295F871AA0}"
EndProject
Project("{2150E333-8FDC-42A3-9474-1A3956D46DE8}") = "Homework", "Homework", "{75EE06E1-5C04-4D12-B926-125767FFB202}"
EndProject
Project("{FAE04EC0-301F-11D3-BF4B-00C04F79EFBC}") = "Practice.Core", "Practice\Practice.Core.csproj", "{D885010E-B5F8-4FB8-8DC0-070E7BAC5193}"
EndProject
Project("{FAE04EC0-301F-11D3-BF4B-00C04F79EFBC}") = "Practice.App", "Practice.App\Practice.App.csproj", "{29E7B616-20FC-4E68-B64F-CAF0C527BE20}"
EndProject
Project("{FAE04EC0-301F-11D3-BF4B-00C04F79EFBC}") = "Practice.Tests", "Practice.Tests\Practice.Tests.csproj", "{092D0B86-365C-4C9E-B9C6-B3D628EAFB97}"
EndProject
Global
	GlobalSection(SolutionConfigurationPlatforms) = preSolution
		Debug|Any CPU = Debug|Any CPU
		Release|Any CPU = Release|Any CPU
	EndGlobalSection
	GlobalSection(ProjectConfigurationPlatforms) = postSolution
		{2CCB3477-199C-4D94-A469-1A845F364E8B}.Debug|Any CPU.ActiveCfg = Debug|Any CPU
		{2CCB3477-199C-4D94-A469-1A845F364E8B}.Debug|Any CPU.Build.0 = Debug|Any CPU
		{2CCB3477-199C-4D94-A469-1A845F364E8B}.Release|Any CPU.ActiveCfg = Release|Any CPU
		{2CCB3477-199C-4D94-A469-1A845F364E8B}.Release|Any CPU.Build.0 = Release|Any CPU
		{D885010E-B5F8-4FB8-8DC0-070E7BAC5193}.Debug|Any CPU.ActiveCfg = Debug|Any CPU
		{D885010E-B5F8-4FB8-8DC0-070E7BAC5193}.Debug|Any CPU.Build.0 = Debug|Any CPU
		{D885010E-B5F8-4FB8-8DC0-070E7BAC5193}.Release|Any CPU.ActiveCfg = Release|Any CPU
		{D885010E-B5F8-4FB8-8DC0-070E7BAC5193}.Release|Any CPU.Build.0 = Release|Any CPU
		{29E7B616-20FC-4E68-B64F-CAF0C527BE20}.Debug|Any CPU.ActiveCfg = Debug|Any CPU
		{29E7B616-20FC-4E68-B64F-CAF0C527BE20}.Debug|Any CPU.Build.0 = Debug|Any CPU
		{29E7B616-20FC-4E68-B64F-CAF0C527BE20}.Release|Any CPU.ActiveCfg = Release|Any CPU
		{29E7B616-20FC-4E68-B64F-CAF0C527BE20}.Release|Any CPU.Build.0 = Release|Any CPU
		{092D0B86-365C-4C9E-B9C6-B3D628EAFB97}.Debug|Any CPU.ActiveCfg = Debug|Any CPU
		{092D0B86-365C-4C9E-B9C6-B3D628EAFB97}.Debug|Any CPU.Build.0 = Debug|Any CPU
		{092D0B86-365C-4C9E-B9C6-B3D628EAFB97}.Release|Any CPU.ActiveCfg = Release|Any CPU
		{092D0B86-365C-4C9E-B9C6-B3D628EAFB97}.Release|Any CPU.Build.0 = Release|Any CPU
	EndGlobalSection
	GlobalSection(SolutionProperties) = preSolution
		HideSolutionNode = FALSE
	EndGlobalSection
	GlobalSection(NestedProjects) = preSolution
		{2CCB3477-199C-4D94-A469-1A845F364E8B} = {F1A1A508-586B-4D85-9142-68295F871AA0}
		{B8D46539-00C3-4754-979C-4CB2DC2DD39B} = {BFFF951A-F652-4CB0-8FD3-E926033863EB}
		{D885010E-B5F8-4FB8-8DC0-070E7BAC5193} = {75EE06E1-5C04-4D12-B926-125767FFB202}
		{29E7B616-20FC-4E68-B64F-CAF0C527BE20} = {75EE06E1-5C04-4D12-B926-125767FFB202}
		{092D0B86-365C-4C9E-B9C6-B3D628EAFB97} = {75EE06E1-5C04-4D12-B926-125767FFB202}
	EndGlobalSection
EndGlobal
