
Microsoft Visual Studio Solution File, Format Version 12.00
# Visual Studio 14
VisualStudioVersion = 14.0.25420.1
MinimumVisualStudioVersion = 10.0.40219.1
Project("{FAE04EC0-301F-11D3-BF4B-00C04F79EFBC}") = "Lesson0.HelloWorld", "Lession0\Lesson0.HelloWorld.csproj", "{2CCB3477-199C-4D94-A469-1A845F364E8B}"
EndProject
Project("{2150E333-8FDC-42A3-9474-1A3956D46DE8}") = "SolutionItems", "SolutionItems", "{BFFF951A-F652-4CB0-8FD3-E926033863EB}"
	ProjectSection(SolutionItems) = preProject
		..\docs\.Net Dev.mmap = ..\docs\.Net Dev.mmap
		..\docs\Note.txt = ..\docs\Note.txt
	EndProjectSection
EndProject
Project("{2150E333-8FDC-42A3-9474-1A3956D46DE8}") = "Exercises", "Exercises", "{B8D46539-00C3-4754-979C-4CB2DC2DD39B}"
	ProjectSection(SolutionItems) = preProject
		Lession0.txt = Lession0.txt
		Lesson1.txt = Lesson1.txt
	EndProjectSection
EndProject
Global
	GlobalSection(SolutionConfigurationPlatforms) = preSolution
		Debug|Any CPU = Debug|Any CPU
		Release|Any CPU = Release|Any CPU
	EndGlobalSection
	GlobalSection(ProjectConfigurationPlatforms) = postSolution
		{2CCB3477-199C-4D94-A469-1A845F364E8B}.Debug|Any CPU.ActiveCfg = Debug|Any CPU
		{2CCB3477-199C-4D94-A469-1A845F364E8B}.Debug|Any CPU.Build.0 = Debug|Any CPU
		{2CCB3477-199C-4D94-A469-1A845F364E8B}.Release|Any CPU.ActiveCfg = Release|Any CPU
		{2CCB3477-199C-4D94-A469-1A845F364E8B}.Release|Any CPU.Build.0 = Release|Any CPU
	EndGlobalSection
	GlobalSection(SolutionProperties) = preSolution
		HideSolutionNode = FALSE
	EndGlobalSection
	GlobalSection(NestedProjects) = preSolution
		{B8D46539-00C3-4754-979C-4CB2DC2DD39B} = {BFFF951A-F652-4CB0-8FD3-E926033863EB}
	EndGlobalSection
EndGlobal
